// !$*UTF8*$!
{
	archiveVersion = 1;
	classes = {
	};
	objectVersion = 48;
	objects = {

/* Begin PBXBuildFile section */
		6F356F21209E0AEB00998B82 /* LoginTableViewController.m in Sources */ = {isa = PBXBuildFile; fileRef = 6F356F20209E0AEB00998B82 /* LoginTableViewController.m */; };
		6F7AB3FD209DE8A20065D0D4 /* AppDelegate.m in Sources */ = {isa = PBXBuildFile; fileRef = 6F7AB3FC209DE8A20065D0D4 /* AppDelegate.m */; };
		6F7AB403209DE8A20065D0D4 /* Main.storyboard in Resources */ = {isa = PBXBuildFile; fileRef = 6F7AB401209DE8A20065D0D4 /* Main.storyboard */; };
		6F7AB405209DE8A20065D0D4 /* Assets.xcassets in Resources */ = {isa = PBXBuildFile; fileRef = 6F7AB404209DE8A20065D0D4 /* Assets.xcassets */; };
		6F7AB408209DE8A20065D0D4 /* LaunchScreen.storyboard in Resources */ = {isa = PBXBuildFile; fileRef = 6F7AB406209DE8A20065D0D4 /* LaunchScreen.storyboard */; };
		6F7AB40B209DE8A20065D0D4 /* main.m in Sources */ = {isa = PBXBuildFile; fileRef = 6F7AB40A209DE8A20065D0D4 /* main.m */; };
		6F7AB412209DF9F90065D0D4 /* GoogleService-Info.plist in Resources */ = {isa = PBXBuildFile; fileRef = 6F7AB411209DF9F90065D0D4 /* GoogleService-Info.plist */; };
		6FF749B8209E1018001DC0C5 /* User.m in Sources */ = {isa = PBXBuildFile; fileRef = 6FF749B7209E1018001DC0C5 /* User.m */; };
		991EF994A05C3641C322EACB /* libPods-AnxietyApp.a in Frameworks */ = {isa = PBXBuildFile; fileRef = D43EBF3A904CFD4B00378531 /* libPods-AnxietyApp.a */; };
/* End PBXBuildFile section */

/* Begin PBXFileReference section */
		6F356F1F209E0AEB00998B82 /* LoginTableViewController.h */ = {isa = PBXFileReference; lastKnownFileType = sourcecode.c.h; path = LoginTableViewController.h; sourceTree = "<group>"; };
		6F356F20209E0AEB00998B82 /* LoginTableViewController.m */ = {isa = PBXFileReference; lastKnownFileType = sourcecode.c.objc; path = LoginTableViewController.m; sourceTree = "<group>"; };
		6F7AB3F8209DE8A20065D0D4 /* AnxietyApp.app */ = {isa = PBXFileReference; explicitFileType = wrapper.application; includeInIndex = 0; path = AnxietyApp.app; sourceTree = BUILT_PRODUCTS_DIR; };
		6F7AB3FB209DE8A20065D0D4 /* AppDelegate.h */ = {isa = PBXFileReference; lastKnownFileType = sourcecode.c.h; path = AppDelegate.h; sourceTree = "<group>"; };
		6F7AB3FC209DE8A20065D0D4 /* AppDelegate.m */ = {isa = PBXFileReference; lastKnownFileType = sourcecode.c.objc; path = AppDelegate.m; sourceTree = "<group>"; };
		6F7AB402209DE8A20065D0D4 /* Base */ = {isa = PBXFileReference; lastKnownFileType = file.storyboard; name = Base; path = Base.lproj/Main.storyboard; sourceTree = "<group>"; };
		6F7AB404209DE8A20065D0D4 /* Assets.xcassets */ = {isa = PBXFileReference; lastKnownFileType = folder.assetcatalog; path = Assets.xcassets; sourceTree = "<group>"; };
		6F7AB407209DE8A20065D0D4 /* Base */ = {isa = PBXFileReference; lastKnownFileType = file.storyboard; name = Base; path = Base.lproj/LaunchScreen.storyboard; sourceTree = "<group>"; };
		6F7AB409209DE8A20065D0D4 /* Info.plist */ = {isa = PBXFileReference; lastKnownFileType = text.plist.xml; path = Info.plist; sourceTree = "<group>"; };
		6F7AB40A209DE8A20065D0D4 /* main.m */ = {isa = PBXFileReference; lastKnownFileType = sourcecode.c.objc; path = main.m; sourceTree = "<group>"; };
		6F7AB411209DF9F90065D0D4 /* GoogleService-Info.plist */ = {isa = PBXFileReference; fileEncoding = 4; lastKnownFileType = text.plist.xml; name = "GoogleService-Info.plist"; path = "../../Downloads/GoogleService-Info.plist"; sourceTree = "<group>"; };
		6FF749B7209E1018001DC0C5 /* User.m */ = {isa = PBXFileReference; lastKnownFileType = sourcecode.c.objc; path = User.m; sourceTree = "<group>"; };
		6FF749B9209E13AB001DC0C5 /* User.h */ = {isa = PBXFileReference; lastKnownFileType = sourcecode.c.h; path = User.h; sourceTree = "<group>"; };
		98EA9B2771FFF0172E7210AC /* Pods-AnxietyApp.debug.xcconfig */ = {isa = PBXFileReference; includeInIndex = 1; lastKnownFileType = text.xcconfig; name = "Pods-AnxietyApp.debug.xcconfig"; path = "Pods/Target Support Files/Pods-AnxietyApp/Pods-AnxietyApp.debug.xcconfig"; sourceTree = "<group>"; };
		D43EBF3A904CFD4B00378531 /* libPods-AnxietyApp.a */ = {isa = PBXFileReference; explicitFileType = archive.ar; includeInIndex = 0; path = "libPods-AnxietyApp.a"; sourceTree = BUILT_PRODUCTS_DIR; };
		DA9151A0F972DBFD42286E01 /* Pods-AnxietyApp.release.xcconfig */ = {isa = PBXFileReference; includeInIndex = 1; lastKnownFileType = text.xcconfig; name = "Pods-AnxietyApp.release.xcconfig"; path = "Pods/Target Support Files/Pods-AnxietyApp/Pods-AnxietyApp.release.xcconfig"; sourceTree = "<group>"; };
/* End PBXFileReference section */

/* Begin PBXFrameworksBuildPhase section */
		6F7AB3F5209DE8A20065D0D4 /* Frameworks */ = {
			isa = PBXFrameworksBuildPhase;
			buildActionMask = 2147483647;
			files = (
				991EF994A05C3641C322EACB /* libPods-AnxietyApp.a in Frameworks */,
			);
			runOnlyForDeploymentPostprocessing = 0;
		};
/* End PBXFrameworksBuildPhase section */

/* Begin PBXGroup section */
		4B751843830F252A020F88F9 /* Pods */ = {
			isa = PBXGroup;
			children = (
				98EA9B2771FFF0172E7210AC /* Pods-AnxietyApp.debug.xcconfig */,
				DA9151A0F972DBFD42286E01 /* Pods-AnxietyApp.release.xcconfig */,
			);
			name = Pods;
			sourceTree = "<group>";
		};
		6F7AB3EF209DE8A20065D0D4 = {
			isa = PBXGroup;
			children = (
				6F7AB3FA209DE8A20065D0D4 /* AnxietyApp */,
				6F7AB3F9209DE8A20065D0D4 /* Products */,
				4B751843830F252A020F88F9 /* Pods */,
				AA76421B53D49B6F6DC874F8 /* Frameworks */,
			);
			sourceTree = "<group>";
		};
		6F7AB3F9209DE8A20065D0D4 /* Products */ = {
			isa = PBXGroup;
			children = (
				6F7AB3F8209DE8A20065D0D4 /* AnxietyApp.app */,
			);
			name = Products;
			sourceTree = "<group>";
		};
		6F7AB3FA209DE8A20065D0D4 /* AnxietyApp */ = {
			isa = PBXGroup;
			children = (
				6F7AB3FB209DE8A20065D0D4 /* AppDelegate.h */,
				6F7AB3FC209DE8A20065D0D4 /* AppDelegate.m */,
				6F356F1F209E0AEB00998B82 /* LoginTableViewController.h */,
				6F356F20209E0AEB00998B82 /* LoginTableViewController.m */,
				6F7AB401209DE8A20065D0D4 /* Main.storyboard */,
				6F7AB404209DE8A20065D0D4 /* Assets.xcassets */,
				6F7AB406209DE8A20065D0D4 /* LaunchScreen.storyboard */,
				6F7AB409209DE8A20065D0D4 /* Info.plist */,
				6F7AB411209DF9F90065D0D4 /* GoogleService-Info.plist */,
				6F7AB40A209DE8A20065D0D4 /* main.m */,
				6FF749B7209E1018001DC0C5 /* User.m */,
				6FF749B9209E13AB001DC0C5 /* User.h */,
			);
			path = AnxietyApp;
			sourceTree = "<group>";
		};
		AA76421B53D49B6F6DC874F8 /* Frameworks */ = {
			isa = PBXGroup;
			children = (
				D43EBF3A904CFD4B00378531 /* libPods-AnxietyApp.a */,
			);
			name = Frameworks;
			sourceTree = "<group>";
		};
/* End PBXGroup section */

/* Begin PBXNativeTarget section */
		6F7AB3F7209DE8A20065D0D4 /* AnxietyApp */ = {
			isa = PBXNativeTarget;
			buildConfigurationList = 6F7AB40E209DE8A20065D0D4 /* Build configuration list for PBXNativeTarget "AnxietyApp" */;
			buildPhases = (
				AFEEDF860F0CF7560E977879 /* [CP] Check Pods Manifest.lock */,
				6F7AB3F4209DE8A20065D0D4 /* Sources */,
				6F7AB3F5209DE8A20065D0D4 /* Frameworks */,
				6F7AB3F6209DE8A20065D0D4 /* Resources */,
				923183C1D4A0352D85427E15 /* [CP] Embed Pods Frameworks */,
				526B77AB7D3A4F2B3306E17E /* [CP] Copy Pods Resources */,
			);
			buildRules = (
			);
			dependencies = (
			);
			name = AnxietyApp;
			productName = AnxietyApp;
			productReference = 6F7AB3F8209DE8A20065D0D4 /* AnxietyApp.app */;
			productType = "com.apple.product-type.application";
		};
/* End PBXNativeTarget section */

/* Begin PBXProject section */
		6F7AB3F0209DE8A20065D0D4 /* Project object */ = {
			isa = PBXProject;
			attributes = {
				LastUpgradeCheck = 0920;
				ORGANIZATIONNAME = "Div Bhasin";
				TargetAttributes = {
					6F7AB3F7209DE8A20065D0D4 = {
						CreatedOnToolsVersion = 9.2;
						ProvisioningStyle = Automatic;
					};
				};
			};
			buildConfigurationList = 6F7AB3F3209DE8A20065D0D4 /* Build configuration list for PBXProject "AnxietyApp" */;
			compatibilityVersion = "Xcode 8.0";
			developmentRegion = en;
			hasScannedForEncodings = 0;
			knownRegions = (
				en,
				Base,
			);
			mainGroup = 6F7AB3EF209DE8A20065D0D4;
			productRefGroup = 6F7AB3F9209DE8A20065D0D4 /* Products */;
			projectDirPath = "";
			projectRoot = "";
			targets = (
				6F7AB3F7209DE8A20065D0D4 /* AnxietyApp */,
			);
		};
/* End PBXProject section */

/* Begin PBXResourcesBuildPhase section */
		6F7AB3F6209DE8A20065D0D4 /* Resources */ = {
			isa = PBXResourcesBuildPhase;
			buildActionMask = 2147483647;
			files = (
				6F7AB408209DE8A20065D0D4 /* LaunchScreen.storyboard in Resources */,
				6F7AB412209DF9F90065D0D4 /* GoogleService-Info.plist in Resources */,
				6F7AB405209DE8A20065D0D4 /* Assets.xcassets in Resources */,
				6F7AB403209DE8A20065D0D4 /* Main.storyboard in Resources */,
			);
			runOnlyForDeploymentPostprocessing = 0;
		};
/* End PBXResourcesBuildPhase section */

/* Begin PBXShellScriptBuildPhase section */
		526B77AB7D3A4F2B3306E17E /* [CP] Copy Pods Resources */ = {
			isa = PBXShellScriptBuildPhase;
			buildActionMask = 2147483647;
			files = (
			);
			inputPaths = (
			);
			name = "[CP] Copy Pods Resources";
			outputPaths = (
			);
			runOnlyForDeploymentPostprocessing = 0;
			shellPath = /bin/sh;
			shellScript = "\"${SRCROOT}/Pods/Target Support Files/Pods-AnxietyApp/Pods-AnxietyApp-resources.sh\"\n";
			showEnvVarsInLog = 0;
		};
		923183C1D4A0352D85427E15 /* [CP] Embed Pods Frameworks */ = {
			isa = PBXShellScriptBuildPhase;
			buildActionMask = 2147483647;
			files = (
			);
			inputPaths = (
			);
			name = "[CP] Embed Pods Frameworks";
			outputPaths = (
			);
			runOnlyForDeploymentPostprocessing = 0;
			shellPath = /bin/sh;
			shellScript = "\"${SRCROOT}/Pods/Target Support Files/Pods-AnxietyApp/Pods-AnxietyApp-frameworks.sh\"\n";
			showEnvVarsInLog = 0;
		};
		AFEEDF860F0CF7560E977879 /* [CP] Check Pods Manifest.lock */ = {
			isa = PBXShellScriptBuildPhase;
			buildActionMask = 2147483647;
			files = (
			);
			inputPaths = (
				"${PODS_PODFILE_DIR_PATH}/Podfile.lock",
				"${PODS_ROOT}/Manifest.lock",
			);
			name = "[CP] Check Pods Manifest.lock";
			outputPaths = (
				"$(DERIVED_FILE_DIR)/Pods-AnxietyApp-checkManifestLockResult.txt",
			);
			runOnlyForDeploymentPostprocessing = 0;
			shellPath = /bin/sh;
			shellScript = "diff \"${PODS_PODFILE_DIR_PATH}/Podfile.lock\" \"${PODS_ROOT}/Manifest.lock\" > /dev/null\nif [ $? != 0 ] ; then\n    # print error to STDERR\n    echo \"error: The sandbox is not in sync with the Podfile.lock. Run 'pod install' or update your CocoaPods installation.\" >&2\n    exit 1\nfi\n# This output is used by Xcode 'outputs' to avoid re-running this script phase.\necho \"SUCCESS\" > \"${SCRIPT_OUTPUT_FILE_0}\"\n";
			showEnvVarsInLog = 0;
		};
/* End PBXShellScriptBuildPhase section */

/* Begin PBXSourcesBuildPhase section */
		6F7AB3F4209DE8A20065D0D4 /* Sources */ = {
			isa = PBXSourcesBuildPhase;
			buildActionMask = 2147483647;
			files = (
				6FF749B8209E1018001DC0C5 /* User.m in Sources */,
				6F7AB40B209DE8A20065D0D4 /* main.m in Sources */,
				6F356F21209E0AEB00998B82 /* LoginTableViewController.m in Sources */,
				6F7AB3FD209DE8A20065D0D4 /* AppDelegate.m in Sources */,
			);
			runOnlyForDeploymentPostprocessing = 0;
		};
/* End PBXSourcesBuildPhase section */

/* Begin PBXVariantGroup section */
		6F7AB401209DE8A20065D0D4 /* Main.storyboard */ = {
			isa = PBXVariantGroup;
			children = (
				6F7AB402209DE8A20065D0D4 /* Base */,
			);
			name = Main.storyboard;
			sourceTree = "<group>";
		};
		6F7AB406209DE8A20065D0D4 /* LaunchScreen.storyboard */ = {
			isa = PBXVariantGroup;
			children = (
				6F7AB407209DE8A20065D0D4 /* Base */,
			);
			name = LaunchScreen.storyboard;
			sourceTree = "<group>";
		};
/* End PBXVariantGroup section */

/* Begin XCBuildConfiguration section */
		6F7AB40C209DE8A20065D0D4 /* Debug */ = {
			isa = XCBuildConfiguration;
			buildSettings = {
				ALWAYS_SEARCH_USER_PATHS = NO;
				CLANG_ANALYZER_NONNULL = YES;
				CLANG_ANALYZER_NUMBER_OBJECT_CONVERSION = YES_AGGRESSIVE;
				CLANG_CXX_LANGUAGE_STANDARD = "gnu++14";
				CLANG_CXX_LIBRARY = "libc++";
				CLANG_ENABLE_MODULES = YES;
				CLANG_ENABLE_OBJC_ARC = YES;
				CLANG_WARN_BLOCK_CAPTURE_AUTORELEASING = YES;
				CLANG_WARN_BOOL_CONVERSION = YES;
				CLANG_WARN_COMMA = YES;
				CLANG_WARN_CONSTANT_CONVERSION = YES;
				CLANG_WARN_DIRECT_OBJC_ISA_USAGE = YES_ERROR;
				CLANG_WARN_DOCUMENTATION_COMMENTS = YES;
				CLANG_WARN_EMPTY_BODY = YES;
				CLANG_WARN_ENUM_CONVERSION = YES;
				CLANG_WARN_INFINITE_RECURSION = YES;
				CLANG_WARN_INT_CONVERSION = YES;
				CLANG_WARN_NON_LITERAL_NULL_CONVERSION = YES;
				CLANG_WARN_OBJC_LITERAL_CONVERSION = YES;
				CLANG_WARN_OBJC_ROOT_CLASS = YES_ERROR;
				CLANG_WARN_RANGE_LOOP_ANALYSIS = YES;
				CLANG_WARN_STRICT_PROTOTYPES = YES;
				CLANG_WARN_SUSPICIOUS_MOVE = YES;
				CLANG_WARN_UNGUARDED_AVAILABILITY = YES_AGGRESSIVE;
				CLANG_WARN_UNREACHABLE_CODE = YES;
				CLANG_WARN__DUPLICATE_METHOD_MATCH = YES;
				CODE_SIGN_IDENTITY = "iPhone Developer";
				COPY_PHASE_STRIP = NO;
				DEBUG_INFORMATION_FORMAT = dwarf;
				ENABLE_STRICT_OBJC_MSGSEND = YES;
				ENABLE_TESTABILITY = YES;
				GCC_C_LANGUAGE_STANDARD = gnu11;
				GCC_DYNAMIC_NO_PIC = NO;
				GCC_NO_COMMON_BLOCKS = YES;
				GCC_OPTIMIZATION_LEVEL = 0;
				GCC_PREPROCESSOR_DEFINITIONS = (
					"DEBUG=1",
					"$(inherited)",
				);
				GCC_WARN_64_TO_32_BIT_CONVERSION = YES;
				GCC_WARN_ABOUT_RETURN_TYPE = YES_ERROR;
				GCC_WARN_UNDECLARED_SELECTOR = YES;
				GCC_WARN_UNINITIALIZED_AUTOS = YES_AGGRESSIVE;
				GCC_WARN_UNUSED_FUNCTION = YES;
				GCC_WARN_UNUSED_VARIABLE = YES;
				IPHONEOS_DEPLOYMENT_TARGET = 11.2;
				MTL_ENABLE_DEBUG_INFO = YES;
				ONLY_ACTIVE_ARCH = YES;
				SDKROOT = iphoneos;
			};
			name = Debug;
		};
		6F7AB40D209DE8A20065D0D4 /* Release */ = {
			isa = XCBuildConfiguration;
			buildSettings = {
				ALWAYS_SEARCH_USER_PATHS = NO;
				CLANG_ANALYZER_NONNULL = YES;
				CLANG_ANALYZER_NUMBER_OBJECT_CONVERSION = YES_AGGRESSIVE;
				CLANG_CXX_LANGUAGE_STANDARD = "gnu++14";
				CLANG_CXX_LIBRARY = "libc++";
				CLANG_ENABLE_MODULES = YES;
				CLANG_ENABLE_OBJC_ARC = YES;
				CLANG_WARN_BLOCK_CAPTURE_AUTORELEASING = YES;
				CLANG_WARN_BOOL_CONVERSION = YES;
				CLANG_WARN_COMMA = YES;
				CLANG_WARN_CONSTANT_CONVERSION = YES;
				CLANG_WARN_DIRECT_OBJC_ISA_USAGE = YES_ERROR;
				CLANG_WARN_DOCUMENTATION_COMMENTS = YES;
				CLANG_WARN_EMPTY_BODY = YES;
				CLANG_WARN_ENUM_CONVERSION = YES;
				CLANG_WARN_INFINITE_RECURSION = YES;
				CLANG_WARN_INT_CONVERSION = YES;
				CLANG_WARN_NON_LITERAL_NULL_CONVERSION = YES;
				CLANG_WARN_OBJC_LITERAL_CONVERSION = YES;
				CLANG_WARN_OBJC_ROOT_CLASS = YES_ERROR;
				CLANG_WARN_RANGE_LOOP_ANALYSIS = YES;
				CLANG_WARN_STRICT_PROTOTYPES = YES;
				CLANG_WARN_SUSPICIOUS_MOVE = YES;
				CLANG_WARN_UNGUARDED_AVAILABILITY = YES_AGGRESSIVE;
				CLANG_WARN_UNREACHABLE_CODE = YES;
				CLANG_WARN__DUPLICATE_METHOD_MATCH = YES;
				CODE_SIGN_IDENTITY = "iPhone Developer";
				COPY_PHASE_STRIP = NO;
				DEBUG_INFORMATION_FORMAT = "dwarf-with-dsym";
				ENABLE_NS_ASSERTIONS = NO;
				ENABLE_STRICT_OBJC_MSGSEND = YES;
				GCC_C_LANGUAGE_STANDARD = gnu11;
				GCC_NO_COMMON_BLOCKS = YES;
				GCC_WARN_64_TO_32_BIT_CONVERSION = YES;
				GCC_WARN_ABOUT_RETURN_TYPE = YES_ERROR;
				GCC_WARN_UNDECLARED_SELECTOR = YES;
				GCC_WARN_UNINITIALIZED_AUTOS = YES_AGGRESSIVE;
				GCC_WARN_UNUSED_FUNCTION = YES;
				GCC_WARN_UNUSED_VARIABLE = YES;
				IPHONEOS_DEPLOYMENT_TARGET = 11.2;
				MTL_ENABLE_DEBUG_INFO = NO;
				SDKROOT = iphoneos;
				VALIDATE_PRODUCT = YES;
			};
			name = Release;
		};
		6F7AB40F209DE8A20065D0D4 /* Debug */ = {
			isa = XCBuildConfiguration;
			baseConfigurationReference = 98EA9B2771FFF0172E7210AC /* Pods-AnxietyApp.debug.xcconfig */;
			buildSettings = {
				ASSETCATALOG_COMPILER_APPICON_NAME = AppIcon;
				CODE_SIGN_STYLE = Automatic;
				INFOPLIST_FILE = AnxietyApp/Info.plist;
				LD_RUNPATH_SEARCH_PATHS = "$(inherited) @executable_path/Frameworks";
				PRODUCT_BUNDLE_IDENTIFIER = com.learniOS.AnxietyApp;
				PRODUCT_NAME = "$(TARGET_NAME)";
				TARGETED_DEVICE_FAMILY = "1,2";
			};
			name = Debug;
		};
		6F7AB410209DE8A20065D0D4 /* Release */ = {
			isa = XCBuildConfiguration;
			baseConfigurationReference = DA9151A0F972DBFD42286E01 /* Pods-AnxietyApp.release.xcconfig */;
			buildSettings = {
				ASSETCATALOG_COMPILER_APPICON_NAME = AppIcon;
				CODE_SIGN_STYLE = Automatic;
				INFOPLIST_FILE = AnxietyApp/Info.plist;
				LD_RUNPATH_SEARCH_PATHS = "$(inherited) @executable_path/Frameworks";
				PRODUCT_BUNDLE_IDENTIFIER = com.learniOS.AnxietyApp;
				PRODUCT_NAME = "$(TARGET_NAME)";
				TARGETED_DEVICE_FAMILY = "1,2";
			};
			name = Release;
		};
/* End XCBuildConfiguration section */

/* Begin XCConfigurationList section */
		6F7AB3F3209DE8A20065D0D4 /* Build configuration list for PBXProject "AnxietyApp" */ = {
			isa = XCConfigurationList;
			buildConfigurations = (
				6F7AB40C209DE8A20065D0D4 /* Debug */,
				6F7AB40D209DE8A20065D0D4 /* Release */,
			);
			defaultConfigurationIsVisible = 0;
			defaultConfigurationName = Release;
		};
		6F7AB40E209DE8A20065D0D4 /* Build configuration list for PBXNativeTarget "AnxietyApp" */ = {
			isa = XCConfigurationList;
			buildConfigurations = (
				6F7AB40F209DE8A20065D0D4 /* Debug */,
				6F7AB410209DE8A20065D0D4 /* Release */,
			);
			defaultConfigurationIsVisible = 0;
			defaultConfigurationName = Release;
		};
/* End XCConfigurationList section */
	};
	rootObject = 6F7AB3F0209DE8A20065D0D4 /* Project object */;
}
